
Microsoft Visual Studio Solution File, Format Version 12.00
Project("{FAE04EC0-301F-11D3-BF4B-00C04F79EFBC}") = "UrbanNest", "UrbanNest.csproj", "{2878A905-4796-4761-99DC-B3E699875B2B}"
EndProject
Global
	GlobalSection(SolutionConfigurationPlatforms) = preSolution
		Debug|Any CPU = Debug|Any CPU
		Release|Any CPU = Release|Any CPU
	EndGlobalSection
	GlobalSection(ProjectConfigurationPlatforms) = postSolution
		{2878A905-4796-4761-99DC-B3E699875B2B}.Debug|Any CPU.ActiveCfg = Debug|Any CPU
		{2878A905-4796-4761-99DC-B3E699875B2B}.Debug|Any CPU.Build.0 = Debug|Any CPU
		{2878A905-4796-4761-99DC-B3E699875B2B}.Release|Any CPU.ActiveCfg = Release|Any CPU
		{2878A905-4796-4761-99DC-B3E699875B2B}.Release|Any CPU.Build.0 = Release|Any CPU
	EndGlobalSection
EndGlobal
